Microsoft Visual Studio Solution File, Format Version 12.00
# Visual Studio Version 17
VisualStudioVersion = 17.9.34728.123
MinimumVisualStudioVersion = 10.0.40219.1
Project("{9A19103F-16F7-4668-BE54-9A1E7A4F7556}") = "LastBite.Api", "LastBite.Api\LastBite.Api.csproj", "{3F1B9A42-5C7E-4E2A-9B31-8D5C6E7F0A11}"
EndProject
Global
	GlobalSection(SolutionConfigurationPlatforms) = preSolution
		Debug|Any CPU = Debug|Any CPU
		Release|Any CPU = Release|Any CPU
	EndGlobalSection
	GlobalSection(ProjectConfigurationPlatforms) = postSolution
		{3F1B9A42-5C7E-4E2A-9B31-8D5C6E7F0A11}.Debug|Any CPU.ActiveCfg = Debug|Any CPU
		{3F1B9A42-5C7E-4E2A-9B31-8D5C6E7F0A11}.Debug|Any CPU.Build.0 = Debug|Any CPU
		{3F1B9A42-5C7E-4E2A-9B31-8D5C6E7F0A11}.Release|Any CPU.ActiveCfg = Release|Any CPU
		{3F1B9A42-5C7E-4E2A-9B31-8D5C6E7F0A11}.Release|Any CPU.Build.0 = Release|Any CPU
	EndGlobalSection
	GlobalSection(SolutionProperties) = preSolution
		HideSolutionNode = FALSE
	EndGlobalSection
EndGlobal
